
Microsoft Visual Studio Solution File, Format Version 12.00
# Visual Studio Version 16
VisualStudioVersion = 16.0.31112.23
MinimumVisualStudioVersion = 10.0.40219.1
Project("{FAE04EC0-301F-11D3-BF4B-00C04F79EFBC}") = "SongDetailsAPI", "SongDetailsAPI.csproj", "{69A6FD8E-C2A5-49BB-A3E9-149B49263840}"
EndProject
Global
	GlobalSection(SolutionConfigurationPlatforms) = preSolution
		Debug|Any CPU = Debug|Any CPU
		Release|Any CPU = Release|Any CPU
	EndGlobalSection
	GlobalSection(ProjectConfigurationPlatforms) = postSolution
		{69A6FD8E-C2A5-49BB-A3E9-149B49263840}.Debug|Any CPU.ActiveCfg = Debug|Any CPU
		{69A6FD8E-C2A5-49BB-A3E9-149B49263840}.Debug|Any CPU.Build.0 = Debug|Any CPU
		{69A6FD8E-C2A5-49BB-A3E9-149B49263840}.Release|Any CPU.ActiveCfg = Release|Any CPU
		{69A6FD8E-C2A5-49BB-A3E9-149B49263840}.Release|Any CPU.Build.0 = Release|Any CPU
	EndGlobalSection
	GlobalSection(SolutionProperties) = preSolution
		HideSolutionNode = FALSE
	EndGlobalSection
	GlobalSection(ExtensibilityGlobals) = postSolution
		SolutionGuid = {54A62E4D-549E-4532-9261-DCB65FABE66B}
	EndGlobalSection
EndGlobal
